// !$*UTF8*$!
{
	archiveVersion = 1;
	classes = {
	};
	objectVersion = 46;
	objects = {

/* Begin PBXBuildFile section */
		D03660311EDB89AF00CF2297 /* ImageCacheTests.swift in Sources */ = {isa = PBXBuildFile; fileRef = D03660301EDB89AF00CF2297 /* ImageCacheTests.swift */; };
		D03660341EDB913B00CF2297 /* cacher.png in Resources */ = {isa = PBXBuildFile; fileRef = D036602E1EDB807500CF2297 /* cacher.png */; };
		D038BFCF202924A000843666 /* SHA1Hash.swift in Sources */ = {isa = PBXBuildFile; fileRef = D038BFCE2029249F00843666 /* SHA1Hash.swift */; };
		D038BFD0202924A000843666 /* SHA1Hash.swift in Sources */ = {isa = PBXBuildFile; fileRef = D038BFCE2029249F00843666 /* SHA1Hash.swift */; };
		D038BFD1202924A000843666 /* SHA1Hash.swift in Sources */ = {isa = PBXBuildFile; fileRef = D038BFCE2029249F00843666 /* SHA1Hash.swift */; };
		D038BFD2202924A000843666 /* SHA1Hash.swift in Sources */ = {isa = PBXBuildFile; fileRef = D038BFCE2029249F00843666 /* SHA1Hash.swift */; };
		D038BFD42029250000843666 /* UIImage+CacherUtility.swift in Sources */ = {isa = PBXBuildFile; fileRef = D038BFD32029250000843666 /* UIImage+CacherUtility.swift */; };
		D038BFD52029250000843666 /* UIImage+CacherUtility.swift in Sources */ = {isa = PBXBuildFile; fileRef = D038BFD32029250000843666 /* UIImage+CacherUtility.swift */; };
		D038BFD62029250000843666 /* UIImage+CacherUtility.swift in Sources */ = {isa = PBXBuildFile; fileRef = D038BFD32029250000843666 /* UIImage+CacherUtility.swift */; };
		D038BFD72029250000843666 /* UIImage+CacherUtility.swift in Sources */ = {isa = PBXBuildFile; fileRef = D038BFD32029250000843666 /* UIImage+CacherUtility.swift */; };
		D038BFDA202925EB00843666 /* CacherExtensions.swift in Sources */ = {isa = PBXBuildFile; fileRef = D038BFD9202925EB00843666 /* CacherExtensions.swift */; };
		D038BFDB202925EB00843666 /* CacherExtensions.swift in Sources */ = {isa = PBXBuildFile; fileRef = D038BFD9202925EB00843666 /* CacherExtensions.swift */; };
		D038BFDC202925EB00843666 /* CacherExtensions.swift in Sources */ = {isa = PBXBuildFile; fileRef = D038BFD9202925EB00843666 /* CacherExtensions.swift */; };
		D038BFDD202925EB00843666 /* CacherExtensions.swift in Sources */ = {isa = PBXBuildFile; fileRef = D038BFD9202925EB00843666 /* CacherExtensions.swift */; };
		D038BFDF2029294000843666 /* DiskCacheTests.swift in Sources */ = {isa = PBXBuildFile; fileRef = D038BFDE2029294000843666 /* DiskCacheTests.swift */; };
		D038BFE02029294000843666 /* DiskCacheTests.swift in Sources */ = {isa = PBXBuildFile; fileRef = D038BFDE2029294000843666 /* DiskCacheTests.swift */; };
		D038BFE12029294000843666 /* DiskCacheTests.swift in Sources */ = {isa = PBXBuildFile; fileRef = D038BFDE2029294000843666 /* DiskCacheTests.swift */; };
		D064528A1F240BDE00DE4830 /* DiskCache.swift in Sources */ = {isa = PBXBuildFile; fileRef = D06452891F240BDE00DE4830 /* DiskCache.swift */; };
		D064528C1F240C6700DE4830 /* Precacher.swift in Sources */ = {isa = PBXBuildFile; fileRef = D064528B1F240C6700DE4830 /* Precacher.swift */; };
		D064528E1F240D4A00DE4830 /* PrecacherTests.swift in Sources */ = {isa = PBXBuildFile; fileRef = D064528D1F240D4A00DE4830 /* PrecacherTests.swift */; };
		D06452901F240EA900DE4830 /* cacher2.png in Resources */ = {isa = PBXBuildFile; fileRef = D064528F1F240EA900DE4830 /* cacher2.png */; };
		D064529F1F24197100DE4830 /* Cacher.framework in Frameworks */ = {isa = PBXBuildFile; fileRef = D06452961F24197000DE4830 /* Cacher.framework */; };
		D06452AD1F24198400DE4830 /* Cache.swift in Sources */ = {isa = PBXBuildFile; fileRef = D0955D041ED7B3D6002F323C /* Cache.swift */; };
		D06452AE1F24198400DE4830 /* DiskCache.swift in Sources */ = {isa = PBXBuildFile; fileRef = D06452891F240BDE00DE4830 /* DiskCache.swift */; };
		D06452AF1F24198400DE4830 /* Downloader.swift in Sources */ = {isa = PBXBuildFile; fileRef = D0955D051ED7B3D6002F323C /* Downloader.swift */; };
		D06452B01F24198400DE4830 /* ImageCache.swift in Sources */ = {isa = PBXBuildFile; fileRef = D0955D061ED7B3D6002F323C /* ImageCache.swift */; };
		D06452B11F24198400DE4830 /* Precacher.swift in Sources */ = {isa = PBXBuildFile; fileRef = D064528B1F240C6700DE4830 /* Precacher.swift */; };
		D06452B41F24198400DE4830 /* String+Utility.swift in Sources */ = {isa = PBXBuildFile; fileRef = D0955D091ED7B3D6002F323C /* String+Utility.swift */; };
		D06452B71F2419DE00DE4830 /* CacherTests.swift in Sources */ = {isa = PBXBuildFile; fileRef = D0955CF81ED7B30B002F323C /* CacherTests.swift */; };
		D06452B91F2419DE00DE4830 /* PrecacherTests.swift in Sources */ = {isa = PBXBuildFile; fileRef = D064528D1F240D4A00DE4830 /* PrecacherTests.swift */; };
		D06452BA1F2419DE00DE4830 /* cacher2.png in Resources */ = {isa = PBXBuildFile; fileRef = D064528F1F240EA900DE4830 /* cacher2.png */; };
		D06452BB1F2419DE00DE4830 /* cacher.png in Resources */ = {isa = PBXBuildFile; fileRef = D036602E1EDB807500CF2297 /* cacher.png */; };
		D06452CE1F24215D00DE4830 /* Cacher.framework in Frameworks */ = {isa = PBXBuildFile; fileRef = D06452C51F24215D00DE4830 /* Cacher.framework */; };
		D06452DC1F2421A400DE4830 /* Cacher.h in Headers */ = {isa = PBXBuildFile; fileRef = D0955CED1ED7B30B002F323C /* Cacher.h */; settings = {ATTRIBUTES = (Public, ); }; };
		D06452DE1F2421A400DE4830 /* Cache.swift in Sources */ = {isa = PBXBuildFile; fileRef = D0955D041ED7B3D6002F323C /* Cache.swift */; };
		D06452DF1F2421A400DE4830 /* DiskCache.swift in Sources */ = {isa = PBXBuildFile; fileRef = D06452891F240BDE00DE4830 /* DiskCache.swift */; };
		D06452E01F2421A400DE4830 /* Downloader.swift in Sources */ = {isa = PBXBuildFile; fileRef = D0955D051ED7B3D6002F323C /* Downloader.swift */; };
		D06452E11F2421A400DE4830 /* ImageCache.swift in Sources */ = {isa = PBXBuildFile; fileRef = D0955D061ED7B3D6002F323C /* ImageCache.swift */; };
		D06452E21F2421A400DE4830 /* Precacher.swift in Sources */ = {isa = PBXBuildFile; fileRef = D064528B1F240C6700DE4830 /* Precacher.swift */; };
		D06452E51F2421A400DE4830 /* String+Utility.swift in Sources */ = {isa = PBXBuildFile; fileRef = D0955D091ED7B3D6002F323C /* String+Utility.swift */; };
		D06452E61F2421A400DE4830 /* UIImageView+Cache.swift in Sources */ = {isa = PBXBuildFile; fileRef = D0955D0A1ED7B3D6002F323C /* UIImageView+Cache.swift */; };
		D06452E71F2421B800DE4830 /* CacherTests.swift in Sources */ = {isa = PBXBuildFile; fileRef = D0955CF81ED7B30B002F323C /* CacherTests.swift */; };
		D06452E81F2421B800DE4830 /* ImageCacheTests.swift in Sources */ = {isa = PBXBuildFile; fileRef = D03660301EDB89AF00CF2297 /* ImageCacheTests.swift */; };
		D06452E91F2421B800DE4830 /* PrecacherTests.swift in Sources */ = {isa = PBXBuildFile; fileRef = D064528D1F240D4A00DE4830 /* PrecacherTests.swift */; };
		D06452EA1F2421B800DE4830 /* cacher2.png in Resources */ = {isa = PBXBuildFile; fileRef = D064528F1F240EA900DE4830 /* cacher2.png */; };
		D06452EB1F2421B800DE4830 /* cacher.png in Resources */ = {isa = PBXBuildFile; fileRef = D036602E1EDB807500CF2297 /* cacher.png */; };
		D06452FA1F2424D200DE4830 /* Cache.swift in Sources */ = {isa = PBXBuildFile; fileRef = D0955D041ED7B3D6002F323C /* Cache.swift */; };
		D06452FB1F2424D200DE4830 /* DiskCache.swift in Sources */ = {isa = PBXBuildFile; fileRef = D06452891F240BDE00DE4830 /* DiskCache.swift */; };
		D06452FC1F2424D200DE4830 /* Downloader.swift in Sources */ = {isa = PBXBuildFile; fileRef = D0955D051ED7B3D6002F323C /* Downloader.swift */; };
		D06452FD1F2424D200DE4830 /* ImageCache.swift in Sources */ = {isa = PBXBuildFile; fileRef = D0955D061ED7B3D6002F323C /* ImageCache.swift */; };
		D06452FE1F2424D200DE4830 /* Precacher.swift in Sources */ = {isa = PBXBuildFile; fileRef = D064528B1F240C6700DE4830 /* Precacher.swift */; };
		D06453011F2424D200DE4830 /* String+Utility.swift in Sources */ = {isa = PBXBuildFile; fileRef = D0955D091ED7B3D6002F323C /* String+Utility.swift */; };
		D06453081F242CDB00DE4830 /* Cacher.h in Headers */ = {isa = PBXBuildFile; fileRef = D06453061F242CDB00DE4830 /* Cacher.h */; settings = {ATTRIBUTES = (Public, ); }; };
		D06453091F242CDB00DE4830 /* NSImage+Utility.swift in Sources */ = {isa = PBXBuildFile; fileRef = D06453071F242CDB00DE4830 /* NSImage+Utility.swift */; };
		D064530C1F242D4700DE4830 /* Cacher.h in Headers */ = {isa = PBXBuildFile; fileRef = D064530B1F242D4700DE4830 /* Cacher.h */; settings = {ATTRIBUTES = (Public, ); }; };
		D0955CF41ED7B30B002F323C /* Cacher.framework in Frameworks */ = {isa = PBXBuildFile; fileRef = D0955CEA1ED7B30B002F323C /* Cacher.framework */; };
		D0955CF91ED7B30B002F323C /* CacherTests.swift in Sources */ = {isa = PBXBuildFile; fileRef = D0955CF81ED7B30B002F323C /* CacherTests.swift */; };
		D0955CFB1ED7B30B002F323C /* Cacher.h in Headers */ = {isa = PBXBuildFile; fileRef = D0955CED1ED7B30B002F323C /* Cacher.h */; settings = {ATTRIBUTES = (Public, ); }; };
		D0955D0B1ED7B3D6002F323C /* Cache.swift in Sources */ = {isa = PBXBuildFile; fileRef = D0955D041ED7B3D6002F323C /* Cache.swift */; };
		D0955D0C1ED7B3D6002F323C /* Downloader.swift in Sources */ = {isa = PBXBuildFile; fileRef = D0955D051ED7B3D6002F323C /* Downloader.swift */; };
		D0955D0D1ED7B3D6002F323C /* ImageCache.swift in Sources */ = {isa = PBXBuildFile; fileRef = D0955D061ED7B3D6002F323C /* ImageCache.swift */; };
		D0955D101ED7B3D6002F323C /* String+Utility.swift in Sources */ = {isa = PBXBuildFile; fileRef = D0955D091ED7B3D6002F323C /* String+Utility.swift */; };
		D0955D111ED7B3D6002F323C /* UIImageView+Cache.swift in Sources */ = {isa = PBXBuildFile; fileRef = D0955D0A1ED7B3D6002F323C /* UIImageView+Cache.swift */; };
/* End PBXBuildFile section */

/* Begin PBXContainerItemProxy section */
		D06452A01F24197100DE4830 /* PBXContainerItemProxy */ = {
			isa = PBXContainerItemProxy;
			containerPortal = D0955CE11ED7B30B002F323C /* Project object */;
			proxyType = 1;
			remoteGlobalIDString = D06452951F24197000DE4830;
			remoteInfo = "Cacher-Mac";
		};
		D06452CF1F24215D00DE4830 /* PBXContainerItemProxy */ = {
			isa = PBXContainerItemProxy;
			containerPortal = D0955CE11ED7B30B002F323C /* Project object */;
			proxyType = 1;
			remoteGlobalIDString = D06452C41F24215D00DE4830;
			remoteInfo = "Cacher-tvOS";
		};
		D0955CF51ED7B30B002F323C /* PBXContainerItemProxy */ = {
			isa = PBXContainerItemProxy;
			containerPortal = D0955CE11ED7B30B002F323C /* Project object */;
			proxyType = 1;
			remoteGlobalIDString = D0955CE91ED7B30B002F323C;
			remoteInfo = Cacher;
		};
/* End PBXContainerItemProxy section */

/* Begin PBXFileReference section */
		D036602E1EDB807500CF2297 /* cacher.png */ = {isa = PBXFileReference; lastKnownFileType = image.png; path = cacher.png; sourceTree = "<group>"; };
		D03660301EDB89AF00CF2297 /* ImageCacheTests.swift */ = {isa = PBXFileReference; fileEncoding = 4; lastKnownFileType = sourcecode.swift; path = ImageCacheTests.swift; sourceTree = "<group>"; };
		D038BFCE2029249F00843666 /* SHA1Hash.swift */ = {isa = PBXFileReference; fileEncoding = 4; lastKnownFileType = sourcecode.swift; path = SHA1Hash.swift; sourceTree = "<group>"; };
		D038BFD32029250000843666 /* UIImage+CacherUtility.swift */ = {isa = PBXFileReference; lastKnownFileType = sourcecode.swift; path = "UIImage+CacherUtility.swift"; sourceTree = "<group>"; };
		D038BFD9202925EB00843666 /* CacherExtensions.swift */ = {isa = PBXFileReference; fileEncoding = 4; lastKnownFileType = sourcecode.swift; path = CacherExtensions.swift; sourceTree = "<group>"; };
		D038BFDE2029294000843666 /* DiskCacheTests.swift */ = {isa = PBXFileReference; lastKnownFileType = sourcecode.swift; name = DiskCacheTests.swift; path = CacherTests/DiskCacheTests.swift; sourceTree = SOURCE_ROOT; };
		D06452891F240BDE00DE4830 /* DiskCache.swift */ = {isa = PBXFileReference; fileEncoding = 4; lastKnownFileType = sourcecode.swift; path = DiskCache.swift; sourceTree = "<group>"; };
		D064528B1F240C6700DE4830 /* Precacher.swift */ = {isa = PBXFileReference; fileEncoding = 4; lastKnownFileType = sourcecode.swift; path = Precacher.swift; sourceTree = "<group>"; };
		D064528D1F240D4A00DE4830 /* PrecacherTests.swift */ = {isa = PBXFileReference; fileEncoding = 4; lastKnownFileType = sourcecode.swift; path = PrecacherTests.swift; sourceTree = "<group>"; };
		D064528F1F240EA900DE4830 /* cacher2.png */ = {isa = PBXFileReference; lastKnownFileType = image.png; path = cacher2.png; sourceTree = "<group>"; };
		D06452961F24197000DE4830 /* Cacher.framework */ = {isa = PBXFileReference; explicitFileType = wrapper.framework; includeInIndex = 0; path = Cacher.framework; sourceTree = BUILT_PRODUCTS_DIR; };
		D064529E1F24197100DE4830 /* Cacher-MacTests.xctest */ = {isa = PBXFileReference; explicitFileType = wrapper.cfbundle; includeInIndex = 0; path = "Cacher-MacTests.xctest"; sourceTree = BUILT_PRODUCTS_DIR; };
		D06452C51F24215D00DE4830 /* Cacher.framework */ = {isa = PBXFileReference; explicitFileType = wrapper.framework; includeInIndex = 0; path = Cacher.framework; sourceTree = BUILT_PRODUCTS_DIR; };
		D06452CD1F24215D00DE4830 /* Cacher-tvOSTests.xctest */ = {isa = PBXFileReference; explicitFileType = wrapper.cfbundle; includeInIndex = 0; path = "Cacher-tvOSTests.xctest"; sourceTree = BUILT_PRODUCTS_DIR; };
		D06452F21F2424C500DE4830 /* Cacher.framework */ = {isa = PBXFileReference; explicitFileType = wrapper.framework; includeInIndex = 0; path = Cacher.framework; sourceTree = BUILT_PRODUCTS_DIR; };
		D06453061F242CDB00DE4830 /* Cacher.h */ = {isa = PBXFileReference; fileEncoding = 4; lastKnownFileType = sourcecode.c.h; path = Cacher.h; sourceTree = "<group>"; };
		D06453071F242CDB00DE4830 /* NSImage+Utility.swift */ = {isa = PBXFileReference; fileEncoding = 4; lastKnownFileType = sourcecode.swift; path = "NSImage+Utility.swift"; sourceTree = "<group>"; };
		D064530B1F242D4700DE4830 /* Cacher.h */ = {isa = PBXFileReference; fileEncoding = 4; lastKnownFileType = sourcecode.c.h; path = Cacher.h; sourceTree = "<group>"; };
		D0955CEA1ED7B30B002F323C /* Cacher.framework */ = {isa = PBXFileReference; explicitFileType = wrapper.framework; includeInIndex = 0; path = Cacher.framework; sourceTree = BUILT_PRODUCTS_DIR; };
		D0955CED1ED7B30B002F323C /* Cacher.h */ = {isa = PBXFileReference; lastKnownFileType = sourcecode.c.h; path = Cacher.h; sourceTree = "<group>"; };
		D0955CEE1ED7B30B002F323C /* Info.plist */ = {isa = PBXFileReference; lastKnownFileType = text.plist.xml; path = Info.plist; sourceTree = "<group>"; };
		D0955CF31ED7B30B002F323C /* CacherTests.xctest */ = {isa = PBXFileReference; explicitFileType = wrapper.cfbundle; includeInIndex = 0; path = CacherTests.xctest; sourceTree = BUILT_PRODUCTS_DIR; };
		D0955CF81ED7B30B002F323C /* CacherTests.swift */ = {isa = PBXFileReference; lastKnownFileType = sourcecode.swift; path = CacherTests.swift; sourceTree = "<group>"; };
		D0955CFA1ED7B30B002F323C /* Info.plist */ = {isa = PBXFileReference; lastKnownFileType = text.plist.xml; path = Info.plist; sourceTree = "<group>"; };
		D0955D041ED7B3D6002F323C /* Cache.swift */ = {isa = PBXFileReference; fileEncoding = 4; lastKnownFileType = sourcecode.swift; path = Cache.swift; sourceTree = "<group>"; };
		D0955D051ED7B3D6002F323C /* Downloader.swift */ = {isa = PBXFileReference; fileEncoding = 4; lastKnownFileType = sourcecode.swift; path = Downloader.swift; sourceTree = "<group>"; };
		D0955D061ED7B3D6002F323C /* ImageCache.swift */ = {isa = PBXFileReference; fileEncoding = 4; lastKnownFileType = sourcecode.swift; path = ImageCache.swift; sourceTree = "<group>"; };
		D0955D091ED7B3D6002F323C /* String+Utility.swift */ = {isa = PBXFileReference; fileEncoding = 4; lastKnownFileType = sourcecode.swift; path = "String+Utility.swift"; sourceTree = "<group>"; };
		D0955D0A1ED7B3D6002F323C /* UIImageView+Cache.swift */ = {isa = PBXFileReference; fileEncoding = 4; lastKnownFileType = sourcecode.swift; path = "UIImageView+Cache.swift"; sourceTree = "<group>"; };
/* End PBXFileReference section */

/* Begin PBXFrameworksBuildPhase section */
		D06452921F24197000DE4830 /* Frameworks */ = {
			isa = PBXFrameworksBuildPhase;
			buildActionMask = 2147483647;
			files = (
			);
			runOnlyForDeploymentPostprocessing = 0;
		};
		D064529B1F24197100DE4830 /* Frameworks */ = {
			isa = PBXFrameworksBuildPhase;
			buildActionMask = 2147483647;
			files = (
				D064529F1F24197100DE4830 /* Cacher.framework in Frameworks */,
			);
			runOnlyForDeploymentPostprocessing = 0;
		};
		D06452C11F24215D00DE4830 /* Frameworks */ = {
			isa = PBXFrameworksBuildPhase;
			buildActionMask = 2147483647;
			files = (
			);
			runOnlyForDeploymentPostprocessing = 0;
		};
		D06452CA1F24215D00DE4830 /* Frameworks */ = {
			isa = PBXFrameworksBuildPhase;
			buildActionMask = 2147483647;
			files = (
				D06452CE1F24215D00DE4830 /* Cacher.framework in Frameworks */,
			);
			runOnlyForDeploymentPostprocessing = 0;
		};
		D06452EE1F2424C500DE4830 /* Frameworks */ = {
			isa = PBXFrameworksBuildPhase;
			buildActionMask = 2147483647;
			files = (
			);
			runOnlyForDeploymentPostprocessing = 0;
		};
		D0955CE61ED7B30B002F323C /* Frameworks */ = {
			isa = PBXFrameworksBuildPhase;
			buildActionMask = 2147483647;
			files = (
			);
			runOnlyForDeploymentPostprocessing = 0;
		};
		D0955CF01ED7B30B002F323C /* Frameworks */ = {
			isa = PBXFrameworksBuildPhase;
			buildActionMask = 2147483647;
			files = (
				D0955CF41ED7B30B002F323C /* Cacher.framework in Frameworks */,
			);
			runOnlyForDeploymentPostprocessing = 0;
		};
/* End PBXFrameworksBuildPhase section */

/* Begin PBXGroup section */
		D06453051F242CDB00DE4830 /* Cacher-Mac */ = {
			isa = PBXGroup;
			children = (
				D06453061F242CDB00DE4830 /* Cacher.h */,
				D06453071F242CDB00DE4830 /* NSImage+Utility.swift */,
			);
			path = "Cacher-Mac";
			sourceTree = "<group>";
		};
		D064530A1F242D4700DE4830 /* Cacher-watchOS */ = {
			isa = PBXGroup;
			children = (
				D064530B1F242D4700DE4830 /* Cacher.h */,
			);
			path = "Cacher-watchOS";
			sourceTree = "<group>";
		};
		D0955CE01ED7B30B002F323C = {
			isa = PBXGroup;
			children = (
				D0955CEC1ED7B30B002F323C /* Cacher */,
				D06453051F242CDB00DE4830 /* Cacher-Mac */,
				D064530A1F242D4700DE4830 /* Cacher-watchOS */,
				D0955CF71ED7B30B002F323C /* CacherTests */,
				D0955CEB1ED7B30B002F323C /* Products */,
			);
			sourceTree = "<group>";
		};
		D0955CEB1ED7B30B002F323C /* Products */ = {
			isa = PBXGroup;
			children = (
				D0955CEA1ED7B30B002F323C /* Cacher.framework */,
				D0955CF31ED7B30B002F323C /* CacherTests.xctest */,
				D06452961F24197000DE4830 /* Cacher.framework */,
				D064529E1F24197100DE4830 /* Cacher-MacTests.xctest */,
				D06452C51F24215D00DE4830 /* Cacher.framework */,
				D06452CD1F24215D00DE4830 /* Cacher-tvOSTests.xctest */,
				D06452F21F2424C500DE4830 /* Cacher.framework */,
			);
			name = Products;
			sourceTree = "<group>";
		};
		D0955CEC1ED7B30B002F323C /* Cacher */ = {
			isa = PBXGroup;
			children = (
				D0955CED1ED7B30B002F323C /* Cacher.h */,
				D0955CEE1ED7B30B002F323C /* Info.plist */,
				D0955D041ED7B3D6002F323C /* Cache.swift */,
				D06452891F240BDE00DE4830 /* DiskCache.swift */,
				D0955D051ED7B3D6002F323C /* Downloader.swift */,
				D0955D061ED7B3D6002F323C /* ImageCache.swift */,
				D064528B1F240C6700DE4830 /* Precacher.swift */,
				D038BFCE2029249F00843666 /* SHA1Hash.swift */,
				D0955D091ED7B3D6002F323C /* String+Utility.swift */,
				D038BFD32029250000843666 /* UIImage+CacherUtility.swift */,
				D0955D0A1ED7B3D6002F323C /* UIImageView+Cache.swift */,
				D038BFD9202925EB00843666 /* CacherExtensions.swift */,
			);
			path = Cacher;
			sourceTree = "<group>";
		};
		D0955CF71ED7B30B002F323C /* CacherTests */ = {
			isa = PBXGroup;
			children = (
				D038BFDE2029294000843666 /* DiskCacheTests.swift */,
				D0955CF81ED7B30B002F323C /* CacherTests.swift */,
				D03660301EDB89AF00CF2297 /* ImageCacheTests.swift */,
				D064528D1F240D4A00DE4830 /* PrecacherTests.swift */,
				D0955CFA1ED7B30B002F323C /* Info.plist */,
				D064528F1F240EA900DE4830 /* cacher2.png */,
				D036602E1EDB807500CF2297 /* cacher.png */,
			);
			path = CacherTests;
			sourceTree = "<group>";
		};
/* End PBXGroup section */

/* Begin PBXHeadersBuildPhase section */
		D06452931F24197000DE4830 /* Headers */ = {
			isa = PBXHeadersBuildPhase;
			buildActionMask = 2147483647;
			files = (
				D06453081F242CDB00DE4830 /* Cacher.h in Headers */,
			);
			runOnlyForDeploymentPostprocessing = 0;
		};
		D06452C21F24215D00DE4830 /* Headers */ = {
			isa = PBXHeadersBuildPhase;
			buildActionMask = 2147483647;
			files = (
				D06452DC1F2421A400DE4830 /* Cacher.h in Headers */,
			);
			runOnlyForDeploymentPostprocessing = 0;
		};
		D06452EF1F2424C500DE4830 /* Headers */ = {
			isa = PBXHeadersBuildPhase;
			buildActionMask = 2147483647;
			files = (
				D064530C1F242D4700DE4830 /* Cacher.h in Headers */,
			);
			runOnlyForDeploymentPostprocessing = 0;
		};
		D0955CE71ED7B30B002F323C /* Headers */ = {
			isa = PBXHeadersBuildPhase;
			buildActionMask = 2147483647;
			files = (
				D0955CFB1ED7B30B002F323C /* Cacher.h in Headers */,
			);
			runOnlyForDeploymentPostprocessing = 0;
		};
/* End PBXHeadersBuildPhase section */

/* Begin PBXNativeTarget section */
		D06452951F24197000DE4830 /* Cacher-macOS */ = {
			isa = PBXNativeTarget;
			buildConfigurationList = D06452A71F24197100DE4830 /* Build configuration list for PBXNativeTarget "Cacher-macOS" */;
			buildPhases = (
				D06452911F24197000DE4830 /* Sources */,
				D06452921F24197000DE4830 /* Frameworks */,
				D06452931F24197000DE4830 /* Headers */,
				D06452941F24197000DE4830 /* Resources */,
			);
			buildRules = (
			);
			dependencies = (
			);
			name = "Cacher-macOS";
			productName = "Cacher-Mac";
			productReference = D06452961F24197000DE4830 /* Cacher.framework */;
			productType = "com.apple.product-type.framework";
		};
		D064529D1F24197100DE4830 /* Cacher-MacTests */ = {
			isa = PBXNativeTarget;
			buildConfigurationList = D06452AA1F24197100DE4830 /* Build configuration list for PBXNativeTarget "Cacher-MacTests" */;
			buildPhases = (
				D064529A1F24197100DE4830 /* Sources */,
				D064529B1F24197100DE4830 /* Frameworks */,
				D064529C1F24197100DE4830 /* Resources */,
			);
			buildRules = (
			);
			dependencies = (
				D06452A11F24197100DE4830 /* PBXTargetDependency */,
			);
			name = "Cacher-MacTests";
			productName = "Cacher-MacTests";
			productReference = D064529E1F24197100DE4830 /* Cacher-MacTests.xctest */;
			productType = "com.apple.product-type.bundle.unit-test";
		};
		D06452C41F24215D00DE4830 /* Cacher-tvOS */ = {
			isa = PBXNativeTarget;
			buildConfigurationList = D06452D61F24215D00DE4830 /* Build configuration list for PBXNativeTarget "Cacher-tvOS" */;
			buildPhases = (
				D06452C01F24215D00DE4830 /* Sources */,
				D06452C11F24215D00DE4830 /* Frameworks */,
				D06452C21F24215D00DE4830 /* Headers */,
				D06452C31F24215D00DE4830 /* Resources */,
			);
			buildRules = (
			);
			dependencies = (
			);
			name = "Cacher-tvOS";
			productName = "Cacher-tvOS";
			productReference = D06452C51F24215D00DE4830 /* Cacher.framework */;
			productType = "com.apple.product-type.framework";
		};
		D06452CC1F24215D00DE4830 /* Cacher-tvOSTests */ = {
			isa = PBXNativeTarget;
			buildConfigurationList = D06452D91F24215D00DE4830 /* Build configuration list for PBXNativeTarget "Cacher-tvOSTests" */;
			buildPhases = (
				D06452C91F24215D00DE4830 /* Sources */,
				D06452CA1F24215D00DE4830 /* Frameworks */,
				D06452CB1F24215D00DE4830 /* Resources */,
			);
			buildRules = (
			);
			dependencies = (
				D06452D01F24215D00DE4830 /* PBXTargetDependency */,
			);
			name = "Cacher-tvOSTests";
			productName = "Cacher-tvOSTests";
			productReference = D06452CD1F24215D00DE4830 /* Cacher-tvOSTests.xctest */;
			productType = "com.apple.product-type.bundle.unit-test";
		};
		D06452F11F2424C500DE4830 /* Cacher-watchOS */ = {
			isa = PBXNativeTarget;
			buildConfigurationList = D06452F71F2424C500DE4830 /* Build configuration list for PBXNativeTarget "Cacher-watchOS" */;
			buildPhases = (
				D06452ED1F2424C500DE4830 /* Sources */,
				D06452EE1F2424C500DE4830 /* Frameworks */,
				D06452EF1F2424C500DE4830 /* Headers */,
				D06452F01F2424C500DE4830 /* Resources */,
			);
			buildRules = (
			);
			dependencies = (
			);
			name = "Cacher-watchOS";
			productName = "Cacher-watchOS";
			productReference = D06452F21F2424C500DE4830 /* Cacher.framework */;
			productType = "com.apple.product-type.framework";
		};
		D0955CE91ED7B30B002F323C /* Cacher */ = {
			isa = PBXNativeTarget;
			buildConfigurationList = D0955CFE1ED7B30B002F323C /* Build configuration list for PBXNativeTarget "Cacher" */;
			buildPhases = (
				D0955CE51ED7B30B002F323C /* Sources */,
				D0955CE61ED7B30B002F323C /* Frameworks */,
				D0955CE71ED7B30B002F323C /* Headers */,
				D0955CE81ED7B30B002F323C /* Resources */,
			);
			buildRules = (
			);
			dependencies = (
			);
			name = Cacher;
			productName = Cacher;
			productReference = D0955CEA1ED7B30B002F323C /* Cacher.framework */;
			productType = "com.apple.product-type.framework";
		};
		D0955CF21ED7B30B002F323C /* CacherTests */ = {
			isa = PBXNativeTarget;
			buildConfigurationList = D0955D011ED7B30B002F323C /* Build configuration list for PBXNativeTarget "CacherTests" */;
			buildPhases = (
				D0955CEF1ED7B30B002F323C /* Sources */,
				D0955CF01ED7B30B002F323C /* Frameworks */,
				D0955CF11ED7B30B002F323C /* Resources */,
			);
			buildRules = (
			);
			dependencies = (
				D0955CF61ED7B30B002F323C /* PBXTargetDependency */,
			);
			name = CacherTests;
			productName = CacherTests;
			productReference = D0955CF31ED7B30B002F323C /* CacherTests.xctest */;
			productType = "com.apple.product-type.bundle.unit-test";
		};
/* End PBXNativeTarget section */

/* Begin PBXProject section */
		D0955CE11ED7B30B002F323C /* Project object */ = {
			isa = PBXProject;
			attributes = {
				LastSwiftUpdateCheck = 0830;
				LastUpgradeCheck = 0920;
				ORGANIZATIONNAME = "Mountain Buffalo Limited";
				TargetAttributes = {
					D06452951F24197000DE4830 = {
						CreatedOnToolsVersion = 8.3.2;
						DevelopmentTeam = YYCKCW8QEN;
						ProvisioningStyle = Manual;
					};
					D064529D1F24197100DE4830 = {
						CreatedOnToolsVersion = 8.3.2;
						ProvisioningStyle = Manual;
					};
					D06452C41F24215D00DE4830 = {
						CreatedOnToolsVersion = 8.3.2;
						DevelopmentTeam = YYCKCW8QEN;
						ProvisioningStyle = Automatic;
					};
					D06452CC1F24215D00DE4830 = {
						CreatedOnToolsVersion = 8.3.2;
						DevelopmentTeam = YYCKCW8QEN;
						ProvisioningStyle = Automatic;
					};
					D06452F11F2424C500DE4830 = {
						CreatedOnToolsVersion = 8.3.2;
						DevelopmentTeam = YYCKCW8QEN;
						ProvisioningStyle = Automatic;
					};
					D0955CE91ED7B30B002F323C = {
						CreatedOnToolsVersion = 8.3.2;
						LastSwiftMigration = 0830;
						ProvisioningStyle = Manual;
					};
					D0955CF21ED7B30B002F323C = {
						CreatedOnToolsVersion = 8.3.2;
						ProvisioningStyle = Automatic;
					};
				};
			};
			buildConfigurationList = D0955CE41ED7B30B002F323C /* Build configuration list for PBXProject "Cacher" */;
			compatibilityVersion = "Xcode 3.2";
			developmentRegion = English;
			hasScannedForEncodings = 0;
			knownRegions = (
				en,
			);
			mainGroup = D0955CE01ED7B30B002F323C;
			productRefGroup = D0955CEB1ED7B30B002F323C /* Products */;
			projectDirPath = "";
			projectRoot = "";
			targets = (
				D0955CE91ED7B30B002F323C /* Cacher */,
				D0955CF21ED7B30B002F323C /* CacherTests */,
				D06452951F24197000DE4830 /* Cacher-macOS */,
				D064529D1F24197100DE4830 /* Cacher-MacTests */,
				D06452C41F24215D00DE4830 /* Cacher-tvOS */,
				D06452CC1F24215D00DE4830 /* Cacher-tvOSTests */,
				D06452F11F2424C500DE4830 /* Cacher-watchOS */,
			);
		};
/* End PBXProject section */

/* Begin PBXResourcesBuildPhase section */
		D06452941F24197000DE4830 /* Resources */ = {
			isa = PBXResourcesBuildPhase;
			buildActionMask = 2147483647;
			files = (
			);
			runOnlyForDeploymentPostprocessing = 0;
		};
		D064529C1F24197100DE4830 /* Resources */ = {
			isa = PBXResourcesBuildPhase;
			buildActionMask = 2147483647;
			files = (
				D06452BA1F2419DE00DE4830 /* cacher2.png in Resources */,
				D06452BB1F2419DE00DE4830 /* cacher.png in Resources */,
			);
			runOnlyForDeploymentPostprocessing = 0;
		};
		D06452C31F24215D00DE4830 /* Resources */ = {
			isa = PBXResourcesBuildPhase;
			buildActionMask = 2147483647;
			files = (
			);
			runOnlyForDeploymentPostprocessing = 0;
		};
		D06452CB1F24215D00DE4830 /* Resources */ = {
			isa = PBXResourcesBuildPhase;
			buildActionMask = 2147483647;
			files = (
				D06452EA1F2421B800DE4830 /* cacher2.png in Resources */,
				D06452EB1F2421B800DE4830 /* cacher.png in Resources */,
			);
			runOnlyForDeploymentPostprocessing = 0;
		};
		D06452F01F2424C500DE4830 /* Resources */ = {
			isa = PBXResourcesBuildPhase;
			buildActionMask = 2147483647;
			files = (
			);
			runOnlyForDeploymentPostprocessing = 0;
		};
		D0955CE81ED7B30B002F323C /* Resources */ = {
			isa = PBXResourcesBuildPhase;
			buildActionMask = 2147483647;
			files = (
			);
			runOnlyForDeploymentPostprocessing = 0;
		};
		D0955CF11ED7B30B002F323C /* Resources */ = {
			isa = PBXResourcesBuildPhase;
			buildActionMask = 2147483647;
			files = (
				D06452901F240EA900DE4830 /* cacher2.png in Resources */,
				D03660341EDB913B00CF2297 /* cacher.png in Resources */,
			);
			runOnlyForDeploymentPostprocessing = 0;
		};
/* End PBXResourcesBuildPhase section */

/* Begin PBXSourcesBuildPhase section */
		D06452911F24197000DE4830 /* Sources */ = {
			isa = PBXSourcesBuildPhase;
			buildActionMask = 2147483647;
			files = (
				D06452AD1F24198400DE4830 /* Cache.swift in Sources */,
				D06452AE1F24198400DE4830 /* DiskCache.swift in Sources */,
				D06452B11F24198400DE4830 /* Precacher.swift in Sources */,
				D038BFD0202924A000843666 /* SHA1Hash.swift in Sources */,
				D06453091F242CDB00DE4830 /* NSImage+Utility.swift in Sources */,
				D038BFDB202925EB00843666 /* CacherExtensions.swift in Sources */,
				D06452B41F24198400DE4830 /* String+Utility.swift in Sources */,
				D06452B01F24198400DE4830 /* ImageCache.swift in Sources */,
				D038BFD52029250000843666 /* UIImage+CacherUtility.swift in Sources */,
				D06452AF1F24198400DE4830 /* Downloader.swift in Sources */,
			);
			runOnlyForDeploymentPostprocessing = 0;
		};
		D064529A1F24197100DE4830 /* Sources */ = {
			isa = PBXSourcesBuildPhase;
			buildActionMask = 2147483647;
			files = (
				D06452B71F2419DE00DE4830 /* CacherTests.swift in Sources */,
				D038BFE02029294000843666 /* DiskCacheTests.swift in Sources */,
				D06452B91F2419DE00DE4830 /* PrecacherTests.swift in Sources */,
			);
			runOnlyForDeploymentPostprocessing = 0;
		};
		D06452C01F24215D00DE4830 /* Sources */ = {
			isa = PBXSourcesBuildPhase;
			buildActionMask = 2147483647;
			files = (
				D06452DE1F2421A400DE4830 /* Cache.swift in Sources */,
				D06452DF1F2421A400DE4830 /* DiskCache.swift in Sources */,
				D06452E21F2421A400DE4830 /* Precacher.swift in Sources */,
				D038BFD1202924A000843666 /* SHA1Hash.swift in Sources */,
				D06452E51F2421A400DE4830 /* String+Utility.swift in Sources */,
				D038BFDC202925EB00843666 /* CacherExtensions.swift in Sources */,
				D06452E61F2421A400DE4830 /* UIImageView+Cache.swift in Sources */,
				D06452E11F2421A400DE4830 /* ImageCache.swift in Sources */,
				D038BFD62029250000843666 /* UIImage+CacherUtility.swift in Sources */,
				D06452E01F2421A400DE4830 /* Downloader.swift in Sources */,
			);
			runOnlyForDeploymentPostprocessing = 0;
		};
		D06452C91F24215D00DE4830 /* Sources */ = {
			isa = PBXSourcesBuildPhase;
			buildActionMask = 2147483647;
			files = (
				D06452E81F2421B800DE4830 /* ImageCacheTests.swift in Sources */,
				D038BFE12029294000843666 /* DiskCacheTests.swift in Sources */,
				D06452E71F2421B800DE4830 /* CacherTests.swift in Sources */,
				D06452E91F2421B800DE4830 /* PrecacherTests.swift in Sources */,
			);
			runOnlyForDeploymentPostprocessing = 0;
		};
		D06452ED1F2424C500DE4830 /* Sources */ = {
			isa = PBXSourcesBuildPhase;
			buildActionMask = 2147483647;
			files = (
				D06452FA1F2424D200DE4830 /* Cache.swift in Sources */,
				D038BFD2202924A000843666 /* SHA1Hash.swift in Sources */,
				D038BFD72029250000843666 /* UIImage+CacherUtility.swift in Sources */,
				D06452FB1F2424D200DE4830 /* DiskCache.swift in Sources */,
				D038BFDD202925EB00843666 /* CacherExtensions.swift in Sources */,
				D06452FE1F2424D200DE4830 /* Precacher.swift in Sources */,
				D06453011F2424D200DE4830 /* String+Utility.swift in Sources */,
				D06452FD1F2424D200DE4830 /* ImageCache.swift in Sources */,
				D06452FC1F2424D200DE4830 /* Downloader.swift in Sources */,
			);
			runOnlyForDeploymentPostprocessing = 0;
		};
		D0955CE51ED7B30B002F323C /* Sources */ = {
			isa = PBXSourcesBuildPhase;
			buildActionMask = 2147483647;
			files = (
				D0955D0D1ED7B3D6002F323C /* ImageCache.swift in Sources */,
				D0955D101ED7B3D6002F323C /* String+Utility.swift in Sources */,
				D0955D0C1ED7B3D6002F323C /* Downloader.swift in Sources */,
				D038BFCF202924A000843666 /* SHA1Hash.swift in Sources */,
				D0955D0B1ED7B3D6002F323C /* Cache.swift in Sources */,
				D038BFDA202925EB00843666 /* CacherExtensions.swift in Sources */,
				D064528A1F240BDE00DE4830 /* DiskCache.swift in Sources */,
				D0955D111ED7B3D6002F323C /* UIImageView+Cache.swift in Sources */,
				D038BFD42029250000843666 /* UIImage+CacherUtility.swift in Sources */,
				D064528C1F240C6700DE4830 /* Precacher.swift in Sources */,
			);
			runOnlyForDeploymentPostprocessing = 0;
		};
		D0955CEF1ED7B30B002F323C /* Sources */ = {
			isa = PBXSourcesBuildPhase;
			buildActionMask = 2147483647;
			files = (
				D03660311EDB89AF00CF2297 /* ImageCacheTests.swift in Sources */,
				D038BFDF2029294000843666 /* DiskCacheTests.swift in Sources */,
				D0955CF91ED7B30B002F323C /* CacherTests.swift in Sources */,
				D064528E1F240D4A00DE4830 /* PrecacherTests.swift in Sources */,
			);
			runOnlyForDeploymentPostprocessing = 0;
		};
/* End PBXSourcesBuildPhase section */

/* Begin PBXTargetDependency section */
		D06452A11F24197100DE4830 /* PBXTargetDependency */ = {
			isa = PBXTargetDependency;
			target = D06452951F24197000DE4830 /* Cacher-macOS */;
			targetProxy = D06452A01F24197100DE4830 /* PBXContainerItemProxy */;
		};
		D06452D01F24215D00DE4830 /* PBXTargetDependency */ = {
			isa = PBXTargetDependency;
			target = D06452C41F24215D00DE4830 /* Cacher-tvOS */;
			targetProxy = D06452CF1F24215D00DE4830 /* PBXContainerItemProxy */;
		};
		D0955CF61ED7B30B002F323C /* PBXTargetDependency */ = {
			isa = PBXTargetDependency;
			target = D0955CE91ED7B30B002F323C /* Cacher */;
			targetProxy = D0955CF51ED7B30B002F323C /* PBXContainerItemProxy */;
		};
/* End PBXTargetDependency section */

/* Begin XCBuildConfiguration section */
		D06452A81F24197100DE4830 /* Debug */ = {
			isa = XCBuildConfiguration;
			buildSettings = {
				CODE_SIGN_IDENTITY = "";
				COMBINE_HIDPI_IMAGES = YES;
				DEFINES_MODULE = YES;
				DEVELOPMENT_TEAM = YYCKCW8QEN;
				DYLIB_COMPATIBILITY_VERSION = 1;
				DYLIB_CURRENT_VERSION = 1;
				DYLIB_INSTALL_NAME_BASE = "@rpath";
				FRAMEWORK_VERSION = A;
				INFOPLIST_FILE = Cacher/Info.plist;
				INSTALL_PATH = "$(LOCAL_LIBRARY_DIR)/Frameworks";
				LD_RUNPATH_SEARCH_PATHS = "$(inherited) @executable_path/../Frameworks @loader_path/Frameworks";
				MACOSX_DEPLOYMENT_TARGET = 10.12;
				PRODUCT_BUNDLE_IDENTIFIER = com.mountainbuffalo.Cacher;
				PRODUCT_NAME = Cacher;
				PROVISIONING_PROFILE_SPECIFIER = "";
				SDKROOT = macosx;
				SKIP_INSTALL = YES;
				SWIFT_VERSION = 4.0;
			};
			name = Debug;
		};
		D06452A91F24197100DE4830 /* Release */ = {
			isa = XCBuildConfiguration;
			buildSettings = {
				CODE_SIGN_IDENTITY = "";
				COMBINE_HIDPI_IMAGES = YES;
				DEFINES_MODULE = YES;
				DEVELOPMENT_TEAM = "";
				DYLIB_COMPATIBILITY_VERSION = 1;
				DYLIB_CURRENT_VERSION = 1;
				DYLIB_INSTALL_NAME_BASE = "@rpath";
				FRAMEWORK_VERSION = A;
				INFOPLIST_FILE = Cacher/Info.plist;
				INSTALL_PATH = "$(LOCAL_LIBRARY_DIR)/Frameworks";
				LD_RUNPATH_SEARCH_PATHS = "$(inherited) @executable_path/../Frameworks @loader_path/Frameworks";
				MACOSX_DEPLOYMENT_TARGET = 10.12;
				PRODUCT_BUNDLE_IDENTIFIER = com.mountainbuffalo.Cacher;
				PRODUCT_NAME = Cacher;
				PROVISIONING_PROFILE_SPECIFIER = "";
				SDKROOT = macosx;
				SKIP_INSTALL = YES;
				SWIFT_VERSION = 4.0;
			};
			name = Release;
		};
		D06452AB1F24197100DE4830 /* Debug */ = {
			isa = XCBuildConfiguration;
			buildSettings = {
				ALWAYS_EMBED_SWIFT_STANDARD_LIBRARIES = YES;
				CODE_SIGN_IDENTITY = "Mac Developer";
				COMBINE_HIDPI_IMAGES = YES;
				DEVELOPMENT_TEAM = "";
				INFOPLIST_FILE = Cacher/Info.plist;
				LD_RUNPATH_SEARCH_PATHS = "$(inherited) @executable_path/../Frameworks @loader_path/../Frameworks";
				MACOSX_DEPLOYMENT_TARGET = 10.12;
				PRODUCT_BUNDLE_IDENTIFIER = "com.mountainbuffalo.Cacher-MacTests";
				PRODUCT_NAME = "$(TARGET_NAME)";
				PROVISIONING_PROFILE_SPECIFIER = "";
				SDKROOT = macosx;
				SWIFT_VERSION = 4.0;
			};
			name = Debug;
		};
		D06452AC1F24197100DE4830 /* Release */ = {
			isa = XCBuildConfiguration;
			buildSettings = {
				ALWAYS_EMBED_SWIFT_STANDARD_LIBRARIES = YES;
				CODE_SIGN_IDENTITY = "Mac Developer";
				COMBINE_HIDPI_IMAGES = YES;
				DEVELOPMENT_TEAM = "";
				INFOPLIST_FILE = Cacher/Info.plist;
				LD_RUNPATH_SEARCH_PATHS = "$(inherited) @executable_path/../Frameworks @loader_path/../Frameworks";
				MACOSX_DEPLOYMENT_TARGET = 10.12;
				PRODUCT_BUNDLE_IDENTIFIER = "com.mountainbuffalo.Cacher-MacTests";
				PRODUCT_NAME = "$(TARGET_NAME)";
				PROVISIONING_PROFILE_SPECIFIER = "";
				SDKROOT = macosx;
				SWIFT_VERSION = 4.0;
			};
			name = Release;
		};
		D06452D71F24215D00DE4830 /* Debug */ = {
			isa = XCBuildConfiguration;
			buildSettings = {
				CODE_SIGN_IDENTITY = "";
				DEFINES_MODULE = YES;
				DEVELOPMENT_TEAM = YYCKCW8QEN;
				DYLIB_COMPATIBILITY_VERSION = 1;
				DYLIB_CURRENT_VERSION = 1;
				DYLIB_INSTALL_NAME_BASE = "@rpath";
				INFOPLIST_FILE = Cacher/Info.plist;
				INSTALL_PATH = "$(LOCAL_LIBRARY_DIR)/Frameworks";
				LD_RUNPATH_SEARCH_PATHS = "$(inherited) @executable_path/Frameworks @loader_path/Frameworks";
				PRODUCT_BUNDLE_IDENTIFIER = "com.mountainbuffalo.Cacher-tvOS";
				PRODUCT_NAME = Cacher;
				SDKROOT = appletvos;
				SKIP_INSTALL = YES;
				SWIFT_VERSION = 4.0;
				TARGETED_DEVICE_FAMILY = 3;
				TVOS_DEPLOYMENT_TARGET = 10.2;
			};
			name = Debug;
		};
		D06452D81F24215D00DE4830 /* Release */ = {
			isa = XCBuildConfiguration;
			buildSettings = {
				CODE_SIGN_IDENTITY = "";
				DEFINES_MODULE = YES;
				DEVELOPMENT_TEAM = YYCKCW8QEN;
				DYLIB_COMPATIBILITY_VERSION = 1;
				DYLIB_CURRENT_VERSION = 1;
				DYLIB_INSTALL_NAME_BASE = "@rpath";
				INFOPLIST_FILE = Cacher/Info.plist;
				INSTALL_PATH = "$(LOCAL_LIBRARY_DIR)/Frameworks";
				LD_RUNPATH_SEARCH_PATHS = "$(inherited) @executable_path/Frameworks @loader_path/Frameworks";
				PRODUCT_BUNDLE_IDENTIFIER = "com.mountainbuffalo.Cacher-tvOS";
				PRODUCT_NAME = Cacher;
				SDKROOT = appletvos;
				SKIP_INSTALL = YES;
				SWIFT_VERSION = 4.0;
				TARGETED_DEVICE_FAMILY = 3;
				TVOS_DEPLOYMENT_TARGET = 10.2;
			};
			name = Release;
		};
		D06452DA1F24215D00DE4830 /* Debug */ = {
			isa = XCBuildConfiguration;
			buildSettings = {
				ALWAYS_EMBED_SWIFT_STANDARD_LIBRARIES = YES;
				DEVELOPMENT_TEAM = YYCKCW8QEN;
				INFOPLIST_FILE = Cacher/Info.plist;
				LD_RUNPATH_SEARCH_PATHS = "$(inherited) @executable_path/Frameworks @loader_path/Frameworks";
				PRODUCT_BUNDLE_IDENTIFIER = "com.mountainbuffalo.Cacher-tvOSTests";
				PRODUCT_NAME = "$(TARGET_NAME)";
				SDKROOT = appletvos;
				SWIFT_VERSION = 4.0;
				TVOS_DEPLOYMENT_TARGET = 10.2;
			};
			name = Debug;
		};
		D06452DB1F24215D00DE4830 /* Release */ = {
			isa = XCBuildConfiguration;
			buildSettings = {
				ALWAYS_EMBED_SWIFT_STANDARD_LIBRARIES = YES;
				DEVELOPMENT_TEAM = YYCKCW8QEN;
				INFOPLIST_FILE = Cacher/Info.plist;
				LD_RUNPATH_SEARCH_PATHS = "$(inherited) @executable_path/Frameworks @loader_path/Frameworks";
				PRODUCT_BUNDLE_IDENTIFIER = "com.mountainbuffalo.Cacher-tvOSTests";
				PRODUCT_NAME = "$(TARGET_NAME)";
				SDKROOT = appletvos;
				SWIFT_VERSION = 4.0;
				TVOS_DEPLOYMENT_TARGET = 10.2;
			};
			name = Release;
		};
		D06452F81F2424C500DE4830 /* Debug */ = {
			isa = XCBuildConfiguration;
			buildSettings = {
				APPLICATION_EXTENSION_API_ONLY = YES;
				CODE_SIGN_IDENTITY = "";
				DEFINES_MODULE = YES;
				DEVELOPMENT_TEAM = YYCKCW8QEN;
				DYLIB_COMPATIBILITY_VERSION = 1;
				DYLIB_CURRENT_VERSION = 1;
				DYLIB_INSTALL_NAME_BASE = "@rpath";
				INFOPLIST_FILE = Cacher/Info.plist;
				INSTALL_PATH = "$(LOCAL_LIBRARY_DIR)/Frameworks";
				LD_RUNPATH_SEARCH_PATHS = "$(inherited) @executable_path/Frameworks @loader_path/Frameworks";
				PRODUCT_BUNDLE_IDENTIFIER = "com.mountainbuffalo.Cacher-watchOS";
				PRODUCT_NAME = Cacher;
				SDKROOT = watchos;
				SKIP_INSTALL = YES;
				SWIFT_VERSION = 4.0;
				TARGETED_DEVICE_FAMILY = 4;
				WATCHOS_DEPLOYMENT_TARGET = 3.2;
			};
			name = Debug;
		};
		D06452F91F2424C500DE4830 /* Release */ = {
			isa = XCBuildConfiguration;
			buildSettings = {
				APPLICATION_EXTENSION_API_ONLY = YES;
				CODE_SIGN_IDENTITY = "";
				DEFINES_MODULE = YES;
				DEVELOPMENT_TEAM = YYCKCW8QEN;
				DYLIB_COMPATIBILITY_VERSION = 1;
				DYLIB_CURRENT_VERSION = 1;
				DYLIB_INSTALL_NAME_BASE = "@rpath";
				INFOPLIST_FILE = Cacher/Info.plist;
				INSTALL_PATH = "$(LOCAL_LIBRARY_DIR)/Frameworks";
				LD_RUNPATH_SEARCH_PATHS = "$(inherited) @executable_path/Frameworks @loader_path/Frameworks";
				PRODUCT_BUNDLE_IDENTIFIER = "com.mountainbuffalo.Cacher-watchOS";
				PRODUCT_NAME = Cacher;
				SDKROOT = watchos;
				SKIP_INSTALL = YES;
				SWIFT_VERSION = 4.0;
				TARGETED_DEVICE_FAMILY = 4;
				WATCHOS_DEPLOYMENT_TARGET = 3.2;
			};
			name = Release;
		};
		D0955CFC1ED7B30B002F323C /* Debug */ = {
			isa = XCBuildConfiguration;
			buildSettings = {
				ALWAYS_SEARCH_USER_PATHS = NO;
				CLANG_ANALYZER_NONNULL = YES;
				CLANG_ANALYZER_NUMBER_OBJECT_CONVERSION = YES_AGGRESSIVE;
				CLANG_CXX_LANGUAGE_STANDARD = "gnu++0x";
				CLANG_CXX_LIBRARY = "libc++";
				CLANG_ENABLE_MODULES = YES;
				CLANG_ENABLE_OBJC_ARC = YES;
				CLANG_WARN_BLOCK_CAPTURE_AUTORELEASING = YES;
				CLANG_WARN_BOOL_CONVERSION = YES;
				CLANG_WARN_COMMA = YES;
				CLANG_WARN_CONSTANT_CONVERSION = YES;
				CLANG_WARN_DIRECT_OBJC_ISA_USAGE = YES_ERROR;
				CLANG_WARN_DOCUMENTATION_COMMENTS = YES;
				CLANG_WARN_EMPTY_BODY = YES;
				CLANG_WARN_ENUM_CONVERSION = YES;
				CLANG_WARN_INFINITE_RECURSION = YES;
				CLANG_WARN_INT_CONVERSION = YES;
				CLANG_WARN_NON_LITERAL_NULL_CONVERSION = YES;
				CLANG_WARN_OBJC_LITERAL_CONVERSION = YES;
				CLANG_WARN_OBJC_ROOT_CLASS = YES_ERROR;
				CLANG_WARN_RANGE_LOOP_ANALYSIS = YES;
				CLANG_WARN_STRICT_PROTOTYPES = YES;
				CLANG_WARN_SUSPICIOUS_MOVE = YES;
				CLANG_WARN_UNREACHABLE_CODE = YES;
				CLANG_WARN__DUPLICATE_METHOD_MATCH = YES;
				"CODE_SIGN_IDENTITY[sdk=iphoneos*]" = "iPhone Developer";
				COPY_PHASE_STRIP = NO;
				CURRENT_PROJECT_VERSION = 1;
				DEBUG_INFORMATION_FORMAT = dwarf;
				ENABLE_STRICT_OBJC_MSGSEND = YES;
				ENABLE_TESTABILITY = YES;
				GCC_C_LANGUAGE_STANDARD = gnu99;
				GCC_DYNAMIC_NO_PIC = NO;
				GCC_NO_COMMON_BLOCKS = YES;
				GCC_OPTIMIZATION_LEVEL = 0;
				GCC_PREPROCESSOR_DEFINITIONS = (
					"DEBUG=1",
					"$(inherited)",
				);
				GCC_WARN_64_TO_32_BIT_CONVERSION = YES;
				GCC_WARN_ABOUT_RETURN_TYPE = YES_ERROR;
				GCC_WARN_UNDECLARED_SELECTOR = YES;
				GCC_WARN_UNINITIALIZED_AUTOS = YES_AGGRESSIVE;
				GCC_WARN_UNUSED_FUNCTION = YES;
				GCC_WARN_UNUSED_VARIABLE = YES;
				IPHONEOS_DEPLOYMENT_TARGET = 10.3;
				MTL_ENABLE_DEBUG_INFO = YES;
				ONLY_ACTIVE_ARCH = YES;
				SDKROOT = iphoneos;
				SWIFT_ACTIVE_COMPILATION_CONDITIONS = DEBUG;
				SWIFT_OPTIMIZATION_LEVEL = "-Onone";
				TARGETED_DEVICE_FAMILY = "1,2";
				VERSIONING_SYSTEM = "apple-generic";
				VERSION_INFO_PREFIX = "";
			};
			name = Debug;
		};
		D0955CFD1ED7B30B002F323C /* Release */ = {
			isa = XCBuildConfiguration;
			buildSettings = {
				ALWAYS_SEARCH_USER_PATHS = NO;
				CLANG_ANALYZER_NONNULL = YES;
				CLANG_ANALYZER_NUMBER_OBJECT_CONVERSION = YES_AGGRESSIVE;
				CLANG_CXX_LANGUAGE_STANDARD = "gnu++0x";
				CLANG_CXX_LIBRARY = "libc++";
				CLANG_ENABLE_MODULES = YES;
				CLANG_ENABLE_OBJC_ARC = YES;
				CLANG_WARN_BLOCK_CAPTURE_AUTORELEASING = YES;
				CLANG_WARN_BOOL_CONVERSION = YES;
				CLANG_WARN_COMMA = YES;
				CLANG_WARN_CONSTANT_CONVERSION = YES;
				CLANG_WARN_DIRECT_OBJC_ISA_USAGE = YES_ERROR;
				CLANG_WARN_DOCUMENTATION_COMMENTS = YES;
				CLANG_WARN_EMPTY_BODY = YES;
				CLANG_WARN_ENUM_CONVERSION = YES;
				CLANG_WARN_INFINITE_RECURSION = YES;
				CLANG_WARN_INT_CONVERSION = YES;
				CLANG_WARN_NON_LITERAL_NULL_CONVERSION = YES;
				CLANG_WARN_OBJC_LITERAL_CONVERSION = YES;
				CLANG_WARN_OBJC_ROOT_CLASS = YES_ERROR;
				CLANG_WARN_RANGE_LOOP_ANALYSIS = YES;
				CLANG_WARN_STRICT_PROTOTYPES = YES;
				CLANG_WARN_SUSPICIOUS_MOVE = YES;
				CLANG_WARN_UNREACHABLE_CODE = YES;
				CLANG_WARN__DUPLICATE_METHOD_MATCH = YES;
				"CODE_SIGN_IDENTITY[sdk=iphoneos*]" = "iPhone Developer";
				COPY_PHASE_STRIP = NO;
				CURRENT_PROJECT_VERSION = 1;
				DEBUG_INFORMATION_FORMAT = "dwarf-with-dsym";
				ENABLE_NS_ASSERTIONS = NO;
				ENABLE_STRICT_OBJC_MSGSEND = YES;
				GCC_C_LANGUAGE_STANDARD = gnu99;
				GCC_NO_COMMON_BLOCKS = YES;
				GCC_WARN_64_TO_32_BIT_CONVERSION = YES;
				GCC_WARN_ABOUT_RETURN_TYPE = YES_ERROR;
				GCC_WARN_UNDECLARED_SELECTOR = YES;
				GCC_WARN_UNINITIALIZED_AUTOS = YES_AGGRESSIVE;
				GCC_WARN_UNUSED_FUNCTION = YES;
				GCC_WARN_UNUSED_VARIABLE = YES;
				IPHONEOS_DEPLOYMENT_TARGET = 10.3;
				MTL_ENABLE_DEBUG_INFO = NO;
				SDKROOT = iphoneos;
				SWIFT_OPTIMIZATION_LEVEL = "-Owholemodule";
				TARGETED_DEVICE_FAMILY = "1,2";
				VALIDATE_PRODUCT = YES;
				VERSIONING_SYSTEM = "apple-generic";
				VERSION_INFO_PREFIX = "";
			};
			name = Release;
		};
		D0955CFF1ED7B30B002F323C /* Debug */ = {
			isa = XCBuildConfiguration;
			buildSettings = {
				CLANG_ENABLE_MODULES = YES;
				CODE_SIGN_IDENTITY = "";
				DEFINES_MODULE = YES;
				DEVELOPMENT_TEAM = "";
				DYLIB_COMPATIBILITY_VERSION = 1;
				DYLIB_CURRENT_VERSION = 1;
				DYLIB_INSTALL_NAME_BASE = "@rpath";
				INFOPLIST_FILE = Cacher/Info.plist;
				INSTALL_PATH = "$(LOCAL_LIBRARY_DIR)/Frameworks";
				IPHONEOS_DEPLOYMENT_TARGET = 9.0;
				LD_RUNPATH_SEARCH_PATHS = "$(inherited) @executable_path/Frameworks @loader_path/Frameworks";
				MACOSX_DEPLOYMENT_TARGET = 10.11;
				PRODUCT_BUNDLE_IDENTIFIER = com.mountainduffalo.Cacher;
				PRODUCT_NAME = "$(TARGET_NAME)";
				PROVISIONING_PROFILE_SPECIFIER = "";
				SKIP_INSTALL = YES;
				SWIFT_OPTIMIZATION_LEVEL = "-Onone";
				SWIFT_VERSION = 4.0;
				TVOS_DEPLOYMENT_TARGET = 9.0;
				WATCHOS_DEPLOYMENT_TARGET = 3.0;
			};
			name = Debug;
		};
		D0955D001ED7B30B002F323C /* Release */ = {
			isa = XCBuildConfiguration;
			buildSettings = {
				CLANG_ENABLE_MODULES = YES;
				CODE_SIGN_IDENTITY = "";
				DEFINES_MODULE = YES;
				DEVELOPMENT_TEAM = "";
				DYLIB_COMPATIBILITY_VERSION = 1;
				DYLIB_CURRENT_VERSION = 1;
				DYLIB_INSTALL_NAME_BASE = "@rpath";
				INFOPLIST_FILE = Cacher/Info.plist;
				INSTALL_PATH = "$(LOCAL_LIBRARY_DIR)/Frameworks";
				IPHONEOS_DEPLOYMENT_TARGET = 9.0;
				LD_RUNPATH_SEARCH_PATHS = "$(inherited) @executable_path/Frameworks @loader_path/Frameworks";
				MACOSX_DEPLOYMENT_TARGET = 10.11;
				PRODUCT_BUNDLE_IDENTIFIER = com.mountainduffalo.Cacher;
				PRODUCT_NAME = "$(TARGET_NAME)";
				PROVISIONING_PROFILE_SPECIFIER = "";
				SKIP_INSTALL = YES;
				SWIFT_VERSION = 4.0;
				TVOS_DEPLOYMENT_TARGET = 9.0;
				WATCHOS_DEPLOYMENT_TARGET = 3.0;
			};
			name = Release;
		};
		D0955D021ED7B30B002F323C /* Debug */ = {
			isa = XCBuildConfiguration;
			buildSettings = {
				ALWAYS_EMBED_SWIFT_STANDARD_LIBRARIES = YES;
				INFOPLIST_FILE = CacherTests/Info.plist;
				LD_RUNPATH_SEARCH_PATHS = "$(inherited) @executable_path/Frameworks @loader_path/Frameworks";
				PRODUCT_BUNDLE_IDENTIFIER = com.mountainduffalo.CacherTests;
				PRODUCT_NAME = "$(TARGET_NAME)";
				SWIFT_VERSION = 4.0;
			};
			name = Debug;
		};
		D0955D031ED7B30B002F323C /* Release */ = {
			isa = XCBuildConfiguration;
			buildSettings = {
				ALWAYS_EMBED_SWIFT_STANDARD_LIBRARIES = YES;
				INFOPLIST_FILE = CacherTests/Info.plist;
				LD_RUNPATH_SEARCH_PATHS = "$(inherited) @executable_path/Frameworks @loader_path/Frameworks";
				PRODUCT_BUNDLE_IDENTIFIER = com.mountainduffalo.CacherTests;
				PRODUCT_NAME = "$(TARGET_NAME)";
				SWIFT_VERSION = 4.0;
			};
			name = Release;
		};
/* End XCBuildConfiguration section */

/* Begin XCConfigurationList section */
		D06452A71F24197100DE4830 /* Build configuration list for PBXNativeTarget "Cacher-macOS" */ = {
			isa = XCConfigurationList;
			buildConfigurations = (
				D06452A81F24197100DE4830 /* Debug */,
				D06452A91F24197100DE4830 /* Release */,
			);
			defaultConfigurationIsVisible = 0;
			defaultConfigurationName = Release;
		};
		D06452AA1F24197100DE4830 /* Build configuration list for PBXNativeTarget "Cacher-MacTests" */ = {
			isa = XCConfigurationList;
			buildConfigurations = (
				D06452AB1F24197100DE4830 /* Debug */,
				D06452AC1F24197100DE4830 /* Release */,
			);
			defaultConfigurationIsVisible = 0;
			defaultConfigurationName = Release;
		};
		D06452D61F24215D00DE4830 /* Build configuration list for PBXNativeTarget "Cacher-tvOS" */ = {
			isa = XCConfigurationList;
			buildConfigurations = (
				D06452D71F24215D00DE4830 /* Debug */,
				D06452D81F24215D00DE4830 /* Release */,
			);
			defaultConfigurationIsVisible = 0;
			defaultConfigurationName = Release;
		};
		D06452D91F24215D00DE4830 /* Build configuration list for PBXNativeTarget "Cacher-tvOSTests" */ = {
			isa = XCConfigurationList;
			buildConfigurations = (
				D06452DA1F24215D00DE4830 /* Debug */,
				D06452DB1F24215D00DE4830 /* Release */,
			);
			defaultConfigurationIsVisible = 0;
			defaultConfigurationName = Release;
		};
		D06452F71F2424C500DE4830 /* Build configuration list for PBXNativeTarget "Cacher-watchOS" */ = {
			isa = XCConfigurationList;
			buildConfigurations = (
				D06452F81F2424C500DE4830 /* Debug */,
				D06452F91F2424C500DE4830 /* Release */,
			);
			defaultConfigurationIsVisible = 0;
			defaultConfigurationName = Release;
		};
		D0955CE41ED7B30B002F323C /* Build configuration list for PBXProject "Cacher" */ = {
			isa = XCConfigurationList;
			buildConfigurations = (
				D0955CFC1ED7B30B002F323C /* Debug */,
				D0955CFD1ED7B30B002F323C /* Release */,
			);
			defaultConfigurationIsVisible = 0;
			defaultConfigurationName = Release;
		};
		D0955CFE1ED7B30B002F323C /* Build configuration list for PBXNativeTarget "Cacher" */ = {
			isa = XCConfigurationList;
			buildConfigurations = (
				D0955CFF1ED7B30B002F323C /* Debug */,
				D0955D001ED7B30B002F323C /* Release */,
			);
			defaultConfigurationIsVisible = 0;
			defaultConfigurationName = Release;
		};
		D0955D011ED7B30B002F323C /* Build configuration list for PBXNativeTarget "CacherTests" */ = {
			isa = XCConfigurationList;
			buildConfigurations = (
				D0955D021ED7B30B002F323C /* Debug */,
				D0955D031ED7B30B002F323C /* Release */,
			);
			defaultConfigurationIsVisible = 0;
			defaultConfigurationName = Release;
		};
/* End XCConfigurationList section */
	};
	rootObject = D0955CE11ED7B30B002F323C /* Project object */;
}
